
Microsoft Visual Studio Solution File, Format Version 12.00
# Visual Studio Version 17
VisualStudioVersion = 17.10.35013.160
MinimumVisualStudioVersion = 10.0.40219.1
Project("{9A19103F-16F7-4668-BE54-9A1E7A4F7556}") = "Algorithm", "Algorithm.csproj", "{5FF40132-A209-4CA0-BE5E-FEB28A5C701C}"
EndProject
Project("{FAE04EC0-301F-11D3-BF4B-00C04F79EFBC}") = "Searching", "..\Searching\Searching.csproj", "{E245C97C-DC3E-4537-B933-BCA3FF132CC5}"
EndProject
Global
	GlobalSection(SolutionConfigurationPlatforms) = preSolution
		Debug|Any CPU = Debug|Any CPU
		Release|Any CPU = Release|Any CPU
	EndGlobalSection
	GlobalSection(ProjectConfigurationPlatforms) = postSolution
		{5FF40132-A209-4CA0-BE5E-FEB28A5C701C}.Debug|Any CPU.ActiveCfg = Debug|Any CPU
		{5FF40132-A209-4CA0-BE5E-FEB28A5C701C}.Debug|Any CPU.Build.0 = Debug|Any CPU
		{5FF40132-A209-4CA0-BE5E-FEB28A5C701C}.Release|Any CPU.ActiveCfg = Release|Any CPU
		{5FF40132-A209-4CA0-BE5E-FEB28A5C701C}.Release|Any CPU.Build.0 = Release|Any CPU
		{E245C97C-DC3E-4537-B933-BCA3FF132CC5}.Debug|Any CPU.ActiveCfg = Debug|Any CPU
		{E245C97C-DC3E-4537-B933-BCA3FF132CC5}.Debug|Any CPU.Build.0 = Debug|Any CPU
		{E245C97C-DC3E-4537-B933-BCA3FF132CC5}.Release|Any CPU.ActiveCfg = Release|Any CPU
		{E245C97C-DC3E-4537-B933-BCA3FF132CC5}.Release|Any CPU.Build.0 = Release|Any CPU
	EndGlobalSection
	GlobalSection(SolutionProperties) = preSolution
		HideSolutionNode = FALSE
	EndGlobalSection
	GlobalSection(ExtensibilityGlobals) = postSolution
		SolutionGuid = {B863BC4C-B386-4610-B72B-C6917BBD6F00}
	EndGlobalSection
EndGlobal
